
Microsoft Visual Studio Solution File, Format Version 12.00
# Visual Studio Version 16
VisualStudioVersion = 16.0.29519.181
MinimumVisualStudioVersion = 10.0.40219.1
Project("{9A19103F-16F7-4668-BE54-9A1E7A4F7556}") = "Forum.Api", "src\Forum.Api\Forum.Api.csproj", "{85CB0760-11F0-4B8C-884B-AB59AFEAFA5F}"
EndProject
Project("{2150E333-8FDC-42A3-9474-1A3956D46DE8}") = "src", "src", "{BE19F6F3-3989-4A3B-9A71-B8EC406961E3}"
EndProject
Project("{2150E333-8FDC-42A3-9474-1A3956D46DE8}") = "tests", "tests", "{0F0C499E-353F-4FD4-8FD8-4B2F14B16B34}"
EndProject
Project("{9A19103F-16F7-4668-BE54-9A1E7A4F7556}") = "Forum.DAL", "src\Forum.DAL\Forum.DAL.csproj", "{F2B1E990-9796-433F-A8EF-B98CA9128C38}"
EndProject
Project("{9A19103F-16F7-4668-BE54-9A1E7A4F7556}") = "Forum.Core", "src\Forum.Core\Forum.Core.csproj", "{AA087A32-1F5B-4080-9973-419CF0B7571E}"
EndProject
Project("{9A19103F-16F7-4668-BE54-9A1E7A4F7556}") = "Forum.Services", "src\Forum.Services\Forum.Services.csproj", "{D0FBC193-BB27-4A3F-9284-13D1E3831A5F}"
EndProject
Project("{9A19103F-16F7-4668-BE54-9A1E7A4F7556}") = "Forum.DependencyResolver", "src\Forum.DependencyResolver\Forum.DependencyResolver.csproj", "{88A53B13-C451-4304-AE44-72D91DFD0B63}"
EndProject
Project("{9A19103F-16F7-4668-BE54-9A1E7A4F7556}") = "Forum.UnitTests", "tests\Forum.UnitTests\Forum.UnitTests.csproj", "{9B27042A-4C00-40DB-BF22-D2D602883CF6}"
EndProject
Project("{9A19103F-16F7-4668-BE54-9A1E7A4F7556}") = "Forum.IntegrationTests", "tests\Forum.IntegrationTests\Forum.IntegrationTests.csproj", "{149AFB8D-0A34-4812-9EEE-E83B0F81B764}"
EndProject
Project("{FAE04EC0-301F-11D3-BF4B-00C04F79EFBC}") = "Forum.DAL.EF", "src\Forum.DAL.EF\Forum.DAL.EF.csproj", "{E71695FF-95C1-4E26-9AEB-85683EF8FA49}"
EndProject
Project("{FAE04EC0-301F-11D3-BF4B-00C04F79EFBC}") = "Forum.DAL.Models", "src\Forum.DAL.Models\Forum.DAL.Models.csproj", "{0B2C8071-937E-4FF6-8A06-597735E7272E}"
EndProject
Global
	GlobalSection(SolutionConfigurationPlatforms) = preSolution
		Debug|Any CPU = Debug|Any CPU
		Release|Any CPU = Release|Any CPU
	EndGlobalSection
	GlobalSection(ProjectConfigurationPlatforms) = postSolution
		{85CB0760-11F0-4B8C-884B-AB59AFEAFA5F}.Debug|Any CPU.ActiveCfg = Debug|Any CPU
		{85CB0760-11F0-4B8C-884B-AB59AFEAFA5F}.Debug|Any CPU.Build.0 = Debug|Any CPU
		{85CB0760-11F0-4B8C-884B-AB59AFEAFA5F}.Release|Any CPU.ActiveCfg = Release|Any CPU
		{85CB0760-11F0-4B8C-884B-AB59AFEAFA5F}.Release|Any CPU.Build.0 = Release|Any CPU
		{F2B1E990-9796-433F-A8EF-B98CA9128C38}.Debug|Any CPU.ActiveCfg = Debug|Any CPU
		{F2B1E990-9796-433F-A8EF-B98CA9128C38}.Debug|Any CPU.Build.0 = Debug|Any CPU
		{F2B1E990-9796-433F-A8EF-B98CA9128C38}.Release|Any CPU.ActiveCfg = Release|Any CPU
		{F2B1E990-9796-433F-A8EF-B98CA9128C38}.Release|Any CPU.Build.0 = Release|Any CPU
		{AA087A32-1F5B-4080-9973-419CF0B7571E}.Debug|Any CPU.ActiveCfg = Debug|Any CPU
		{AA087A32-1F5B-4080-9973-419CF0B7571E}.Debug|Any CPU.Build.0 = Debug|Any CPU
		{AA087A32-1F5B-4080-9973-419CF0B7571E}.Release|Any CPU.ActiveCfg = Release|Any CPU
		{AA087A32-1F5B-4080-9973-419CF0B7571E}.Release|Any CPU.Build.0 = Release|Any CPU
		{D0FBC193-BB27-4A3F-9284-13D1E3831A5F}.Debug|Any CPU.ActiveCfg = Debug|Any CPU
		{D0FBC193-BB27-4A3F-9284-13D1E3831A5F}.Debug|Any CPU.Build.0 = Debug|Any CPU
		{D0FBC193-BB27-4A3F-9284-13D1E3831A5F}.Release|Any CPU.ActiveCfg = Release|Any CPU
		{D0FBC193-BB27-4A3F-9284-13D1E3831A5F}.Release|Any CPU.Build.0 = Release|Any CPU
		{88A53B13-C451-4304-AE44-72D91DFD0B63}.Debug|Any CPU.ActiveCfg = Debug|Any CPU
		{88A53B13-C451-4304-AE44-72D91DFD0B63}.Debug|Any CPU.Build.0 = Debug|Any CPU
		{88A53B13-C451-4304-AE44-72D91DFD0B63}.Release|Any CPU.ActiveCfg = Release|Any CPU
		{88A53B13-C451-4304-AE44-72D91DFD0B63}.Release|Any CPU.Build.0 = Release|Any CPU
		{9B27042A-4C00-40DB-BF22-D2D602883CF6}.Debug|Any CPU.ActiveCfg = Debug|Any CPU
		{9B27042A-4C00-40DB-BF22-D2D602883CF6}.Debug|Any CPU.Build.0 = Debug|Any CPU
		{9B27042A-4C00-40DB-BF22-D2D602883CF6}.Release|Any CPU.ActiveCfg = Release|Any CPU
		{9B27042A-4C00-40DB-BF22-D2D602883CF6}.Release|Any CPU.Build.0 = Release|Any CPU
		{149AFB8D-0A34-4812-9EEE-E83B0F81B764}.Debug|Any CPU.ActiveCfg = Debug|Any CPU
		{149AFB8D-0A34-4812-9EEE-E83B0F81B764}.Debug|Any CPU.Build.0 = Debug|Any CPU
		{149AFB8D-0A34-4812-9EEE-E83B0F81B764}.Release|Any CPU.ActiveCfg = Release|Any CPU
		{149AFB8D-0A34-4812-9EEE-E83B0F81B764}.Release|Any CPU.Build.0 = Release|Any CPU
		{E71695FF-95C1-4E26-9AEB-85683EF8FA49}.Debug|Any CPU.ActiveCfg = Debug|Any CPU
		{E71695FF-95C1-4E26-9AEB-85683EF8FA49}.Debug|Any CPU.Build.0 = Debug|Any CPU
		{E71695FF-95C1-4E26-9AEB-85683EF8FA49}.Release|Any CPU.ActiveCfg = Release|Any CPU
		{E71695FF-95C1-4E26-9AEB-85683EF8FA49}.Release|Any CPU.Build.0 = Release|Any CPU
		{0B2C8071-937E-4FF6-8A06-597735E7272E}.Debug|Any CPU.ActiveCfg = Debug|Any CPU
		{0B2C8071-937E-4FF6-8A06-597735E7272E}.Debug|Any CPU.Build.0 = Debug|Any CPU
		{0B2C8071-937E-4FF6-8A06-597735E7272E}.Release|Any CPU.ActiveCfg = Release|Any CPU
		{0B2C8071-937E-4FF6-8A06-597735E7272E}.Release|Any CPU.Build.0 = Release|Any CPU
	EndGlobalSection
	GlobalSection(SolutionProperties) = preSolution
		HideSolutionNode = FALSE
	EndGlobalSection
	GlobalSection(NestedProjects) = preSolution
		{85CB0760-11F0-4B8C-884B-AB59AFEAFA5F} = {BE19F6F3-3989-4A3B-9A71-B8EC406961E3}
		{F2B1E990-9796-433F-A8EF-B98CA9128C38} = {BE19F6F3-3989-4A3B-9A71-B8EC406961E3}
		{AA087A32-1F5B-4080-9973-419CF0B7571E} = {BE19F6F3-3989-4A3B-9A71-B8EC406961E3}
		{D0FBC193-BB27-4A3F-9284-13D1E3831A5F} = {BE19F6F3-3989-4A3B-9A71-B8EC406961E3}
		{88A53B13-C451-4304-AE44-72D91DFD0B63} = {BE19F6F3-3989-4A3B-9A71-B8EC406961E3}
		{9B27042A-4C00-40DB-BF22-D2D602883CF6} = {0F0C499E-353F-4FD4-8FD8-4B2F14B16B34}
		{149AFB8D-0A34-4812-9EEE-E83B0F81B764} = {0F0C499E-353F-4FD4-8FD8-4B2F14B16B34}
		{E71695FF-95C1-4E26-9AEB-85683EF8FA49} = {BE19F6F3-3989-4A3B-9A71-B8EC406961E3}
		{0B2C8071-937E-4FF6-8A06-597735E7272E} = {BE19F6F3-3989-4A3B-9A71-B8EC406961E3}
	EndGlobalSection
	GlobalSection(ExtensibilityGlobals) = postSolution
		SolutionGuid = {150907CF-F881-4F4A-B788-41D010B65149}
	EndGlobalSection
EndGlobal
